
Microsoft Visual Studio Solution File, Format Version 12.00
# Visual Studio Version 17
VisualStudioVersion = 17.9.34622.214
MinimumVisualStudioVersion = 10.0.40219.1
Project("{FAE04EC0-301F-11D3-BF4B-00C04F79EFBC}") = "EmployeeSystem", "EmployeeSystem.csproj", "{9A39D0CF-AF02-46AB-8D12-5E3B9CC13207}"
EndProject
Global
	GlobalSection(SolutionConfigurationPlatforms) = preSolution
		Debug|Any CPU = Debug|Any CPU
		Release|Any CPU = Release|Any CPU
	EndGlobalSection
	GlobalSection(ProjectConfigurationPlatforms) = postSolution
		{9A39D0CF-AF02-46AB-8D12-5E3B9CC13207}.Debug|Any CPU.ActiveCfg = Debug|Any CPU
		{9A39D0CF-AF02-46AB-8D12-5E3B9CC13207}.Debug|Any CPU.Build.0 = Debug|Any CPU
		{9A39D0CF-AF02-46AB-8D12-5E3B9CC13207}.Release|Any CPU.ActiveCfg = Release|Any CPU
		{9A39D0CF-AF02-46AB-8D12-5E3B9CC13207}.Release|Any CPU.Build.0 = Release|Any CPU
	EndGlobalSection
	GlobalSection(SolutionProperties) = preSolution
		HideSolutionNode = FALSE
	EndGlobalSection
	GlobalSection(ExtensibilityGlobals) = postSolution
		SolutionGuid = {117336BF-3C52-431A-9EC1-5AF314C79F17}
	EndGlobalSection
EndGlobal
